
Microsoft Visual Studio Solution File, Format Version 12.00
# Visual Studio Version 17
VisualStudioVersion = 17.11.35312.102
MinimumVisualStudioVersion = 10.0.40219.1
Project("{FAE04EC0-301F-11D3-BF4B-00C04F79EFBC}") = "DefaultIdentityColumnRename", "DefaultIdentityColumnRename.csproj", "{C8F17694-A64F-4CC6-83A7-98B720FC8ABC}"
EndProject
Global
	GlobalSection(SolutionConfigurationPlatforms) = preSolution
		Debug|Any CPU = Debug|Any CPU
		Release|Any CPU = Release|Any CPU
	EndGlobalSection
	GlobalSection(ProjectConfigurationPlatforms) = postSolution
		{C8F17694-A64F-4CC6-83A7-98B720FC8ABC}.Debug|Any CPU.ActiveCfg = Debug|Any CPU
		{C8F17694-A64F-4CC6-83A7-98B720FC8ABC}.Debug|Any CPU.Build.0 = Debug|Any CPU
		{C8F17694-A64F-4CC6-83A7-98B720FC8ABC}.Release|Any CPU.ActiveCfg = Release|Any CPU
		{C8F17694-A64F-4CC6-83A7-98B720FC8ABC}.Release|Any CPU.Build.0 = Release|Any CPU
	EndGlobalSection
	GlobalSection(SolutionProperties) = preSolution
		HideSolutionNode = FALSE
	EndGlobalSection
	GlobalSection(ExtensibilityGlobals) = postSolution
		SolutionGuid = {AC4EB468-51E7-4C27-AC39-2AFD0D5BAE75}
	EndGlobalSection
EndGlobal
